
Microsoft Visual Studio Solution File, Format Version 12.00
# Visual Studio Version 17
VisualStudioVersion = 17.5.33530.505
MinimumVisualStudioVersion = 10.0.40219.1
Project("{FAE04EC0-301F-11D3-BF4B-00C04F79EFBC}") = "LibraryTerminalMidterm", "LibraryTerminalMidterm\LibraryTerminalMidterm.csproj", "{10F28E29-13AD-4DB3-83A1-FA5FD6461E42}"
EndProject
Global
	GlobalSection(SolutionConfigurationPlatforms) = preSolution
		Debug|Any CPU = Debug|Any CPU
		Release|Any CPU = Release|Any CPU
	EndGlobalSection
	GlobalSection(ProjectConfigurationPlatforms) = postSolution
		{10F28E29-13AD-4DB3-83A1-FA5FD6461E42}.Debug|Any CPU.ActiveCfg = Debug|Any CPU
		{10F28E29-13AD-4DB3-83A1-FA5FD6461E42}.Debug|Any CPU.Build.0 = Debug|Any CPU
		{10F28E29-13AD-4DB3-83A1-FA5FD6461E42}.Release|Any CPU.ActiveCfg = Release|Any CPU
		{10F28E29-13AD-4DB3-83A1-FA5FD6461E42}.Release|Any CPU.Build.0 = Release|Any CPU
	EndGlobalSection
	GlobalSection(SolutionProperties) = preSolution
		HideSolutionNode = FALSE
	EndGlobalSection
	GlobalSection(ExtensibilityGlobals) = postSolution
		SolutionGuid = {CAC0FBA5-DEB9-435E-B5FB-8D30458666F3}
	EndGlobalSection
EndGlobal
